
Microsoft Visual Studio Solution File, Format Version 12.00
# Visual Studio Version 17
VisualStudioVersion = 17.5.002.0
MinimumVisualStudioVersion = 10.0.40219.1
Project("{9A19103F-16F7-4668-BE54-9A1E7A4F7556}") = "Test", "Test.csproj", "{FEA32AD4-D4F4-4FEF-96F9-3C496372AEA9}"
EndProject
Global
	GlobalSection(SolutionConfigurationPlatforms) = preSolution
		Debug|Any CPU = Debug|Any CPU
		Release|Any CPU = Release|Any CPU
	EndGlobalSection
	GlobalSection(ProjectConfigurationPlatforms) = postSolution
		{FEA32AD4-D4F4-4FEF-96F9-3C496372AEA9}.Debug|Any CPU.ActiveCfg = Debug|Any CPU
		{FEA32AD4-D4F4-4FEF-96F9-3C496372AEA9}.Debug|Any CPU.Build.0 = Debug|Any CPU
		{FEA32AD4-D4F4-4FEF-96F9-3C496372AEA9}.Release|Any CPU.ActiveCfg = Release|Any CPU
		{FEA32AD4-D4F4-4FEF-96F9-3C496372AEA9}.Release|Any CPU.Build.0 = Release|Any CPU
	EndGlobalSection
	GlobalSection(SolutionProperties) = preSolution
		HideSolutionNode = FALSE
	EndGlobalSection
	GlobalSection(ExtensibilityGlobals) = postSolution
		SolutionGuid = {8C949A1A-4565-4181-8AA2-9915FD5AFAB0}
	EndGlobalSection
EndGlobal
